
Microsoft Visual Studio Solution File, Format Version 12.00
# Visual Studio Version 17
VisualStudioVersion = 17.0.31903.59
MinimumVisualStudioVersion = 10.0.40219.1
Project("{FAE04EC0-301F-11D3-BF4B-00C04F79EFBC}") = "Exercicio1", "Exercicio1\Exercicio1.csproj", "{26BB8D94-C1AE-43DE-9DD9-EA2300B75E9D}"
EndProject
Project("{FAE04EC0-301F-11D3-BF4B-00C04F79EFBC}") = "Exercicio2", "Exercicio2\Exercicio2.csproj", "{43A8132C-F7C6-4ABC-8ADF-CBF29F50601B}"
EndProject
Project("{FAE04EC0-301F-11D3-BF4B-00C04F79EFBC}") = "Exercicio3", "Exercicio3\Exercicio3.csproj", "{C6B59D7A-367B-4332-9963-3F95D6F0DAEF}"
EndProject
Project("{FAE04EC0-301F-11D3-BF4B-00C04F79EFBC}") = "Exercicio4", "Exercicio4\Exercicio4.csproj", "{EB26BE01-0D4C-4D1F-8214-7695D4CB7929}"
EndProject
Project("{FAE04EC0-301F-11D3-BF4B-00C04F79EFBC}") = "Exercicio5", "Exercicio5\Exercicio5.csproj", "{632E4183-BFB3-4601-A966-017AD8580B50}"
EndProject
Project("{FAE04EC0-301F-11D3-BF4B-00C04F79EFBC}") = "Exercicio6", "Exercicio6\Exercicio6.csproj", "{F7FE331F-57F8-4EBC-8F25-0494D323E5B6}"
EndProject
Project("{FAE04EC0-301F-11D3-BF4B-00C04F79EFBC}") = "Exercicio7", "Exercicio7\Exercicio7.csproj", "{FCB88B1F-4242-4BC5-9EBF-74A30E9A209E}"
EndProject
Project("{FAE04EC0-301F-11D3-BF4B-00C04F79EFBC}") = "Exercicio8", "Exercicio8\Exercicio8.csproj", "{3B99DD79-E7D9-4053-8CE8-D4B50939597C}"
EndProject
Project("{FAE04EC0-301F-11D3-BF4B-00C04F79EFBC}") = "Exercicio9", "Exercicio9\Exercicio9.csproj", "{212871B8-88B8-42E6-BBF7-4CF5F7B53035}"
EndProject
Project("{FAE04EC0-301F-11D3-BF4B-00C04F79EFBC}") = "Exercicio10", "Exercicio10\Exercicio10.csproj", "{AA8B4FDE-3B34-4709-8842-423E12FC02B1}"
EndProject
Project("{FAE04EC0-301F-11D3-BF4B-00C04F79EFBC}") = "Exercicio11", "Exercicio11\Exercicio11.csproj", "{15BC4FBC-1AB2-4EAE-85F8-4424C289CEE0}"
EndProject
Project("{FAE04EC0-301F-11D3-BF4B-00C04F79EFBC}") = "Exercicio12", "Exercicio12\Exercicio12.csproj", "{DC36ED23-F815-46B3-BF4A-D7A2C4DDA311}"
EndProject
Project("{FAE04EC0-301F-11D3-BF4B-00C04F79EFBC}") = "Exercicio13", "Exercicio13\Exercicio13.csproj", "{3BEA5902-A808-4653-9303-D625BBA6F791}"
EndProject
Project("{FAE04EC0-301F-11D3-BF4B-00C04F79EFBC}") = "Exercicio14", "Exercicio14\Exercicio14.csproj", "{8A26D32F-27C8-432D-B23B-C4B3D3D6FBBA}"
EndProject
Project("{FAE04EC0-301F-11D3-BF4B-00C04F79EFBC}") = "Exercicio15", "Exercicio15\Exercicio15.csproj", "{7C33024E-A07B-4BD7-86B9-ED4CB7A86EE3}"
EndProject
Global
	GlobalSection(SolutionConfigurationPlatforms) = preSolution
		Debug|Any CPU = Debug|Any CPU
		Debug|x64 = Debug|x64
		Debug|x86 = Debug|x86
		Release|Any CPU = Release|Any CPU
		Release|x64 = Release|x64
		Release|x86 = Release|x86
	EndGlobalSection
	GlobalSection(ProjectConfigurationPlatforms) = postSolution
		{26BB8D94-C1AE-43DE-9DD9-EA2300B75E9D}.Debug|Any CPU.ActiveCfg = Debug|Any CPU
		{26BB8D94-C1AE-43DE-9DD9-EA2300B75E9D}.Debug|Any CPU.Build.0 = Debug|Any CPU
		{26BB8D94-C1AE-43DE-9DD9-EA2300B75E9D}.Debug|x64.ActiveCfg = Debug|Any CPU
		{26BB8D94-C1AE-43DE-9DD9-EA2300B75E9D}.Debug|x64.Build.0 = Debug|Any CPU
		{26BB8D94-C1AE-43DE-9DD9-EA2300B75E9D}.Debug|x86.ActiveCfg = Debug|Any CPU
		{26BB8D94-C1AE-43DE-9DD9-EA2300B75E9D}.Debug|x86.Build.0 = Debug|Any CPU
		{26BB8D94-C1AE-43DE-9DD9-EA2300B75E9D}.Release|Any CPU.ActiveCfg = Release|Any CPU
		{26BB8D94-C1AE-43DE-9DD9-EA2300B75E9D}.Release|Any CPU.Build.0 = Release|Any CPU
		{26BB8D94-C1AE-43DE-9DD9-EA2300B75E9D}.Release|x64.ActiveCfg = Release|Any CPU
		{26BB8D94-C1AE-43DE-9DD9-EA2300B75E9D}.Release|x64.Build.0 = Release|Any CPU
		{26BB8D94-C1AE-43DE-9DD9-EA2300B75E9D}.Release|x86.ActiveCfg = Release|Any CPU
		{26BB8D94-C1AE-43DE-9DD9-EA2300B75E9D}.Release|x86.Build.0 = Release|Any CPU
		{43A8132C-F7C6-4ABC-8ADF-CBF29F50601B}.Debug|Any CPU.ActiveCfg = Debug|Any CPU
		{43A8132C-F7C6-4ABC-8ADF-CBF29F50601B}.Debug|Any CPU.Build.0 = Debug|Any CPU
		{43A8132C-F7C6-4ABC-8ADF-CBF29F50601B}.Debug|x64.ActiveCfg = Debug|Any CPU
		{43A8132C-F7C6-4ABC-8ADF-CBF29F50601B}.Debug|x64.Build.0 = Debug|Any CPU
		{43A8132C-F7C6-4ABC-8ADF-CBF29F50601B}.Debug|x86.ActiveCfg = Debug|Any CPU
		{43A8132C-F7C6-4ABC-8ADF-CBF29F50601B}.Debug|x86.Build.0 = Debug|Any CPU
		{43A8132C-F7C6-4ABC-8ADF-CBF29F50601B}.Release|Any CPU.ActiveCfg = Release|Any CPU
		{43A8132C-F7C6-4ABC-8ADF-CBF29F50601B}.Release|Any CPU.Build.0 = Release|Any CPU
		{43A8132C-F7C6-4ABC-8ADF-CBF29F50601B}.Release|x64.ActiveCfg = Release|Any CPU
		{43A8132C-F7C6-4ABC-8ADF-CBF29F50601B}.Release|x64.Build.0 = Release|Any CPU
		{43A8132C-F7C6-4ABC-8ADF-CBF29F50601B}.Release|x86.ActiveCfg = Release|Any CPU
		{43A8132C-F7C6-4ABC-8ADF-CBF29F50601B}.Release|x86.Build.0 = Release|Any CPU
		{C6B59D7A-367B-4332-9963-3F95D6F0DAEF}.Debug|Any CPU.ActiveCfg = Debug|Any CPU
		{C6B59D7A-367B-4332-9963-3F95D6F0DAEF}.Debug|Any CPU.Build.0 = Debug|Any CPU
		{C6B59D7A-367B-4332-9963-3F95D6F0DAEF}.Debug|x64.ActiveCfg = Debug|Any CPU
		{C6B59D7A-367B-4332-9963-3F95D6F0DAEF}.Debug|x64.Build.0 = Debug|Any CPU
		{C6B59D7A-367B-4332-9963-3F95D6F0DAEF}.Debug|x86.ActiveCfg = Debug|Any CPU
		{C6B59D7A-367B-4332-9963-3F95D6F0DAEF}.Debug|x86.Build.0 = Debug|Any CPU
		{C6B59D7A-367B-4332-9963-3F95D6F0DAEF}.Release|Any CPU.ActiveCfg = Release|Any CPU
		{C6B59D7A-367B-4332-9963-3F95D6F0DAEF}.Release|Any CPU.Build.0 = Release|Any CPU
		{C6B59D7A-367B-4332-9963-3F95D6F0DAEF}.Release|x64.ActiveCfg = Release|Any CPU
		{C6B59D7A-367B-4332-9963-3F95D6F0DAEF}.Release|x64.Build.0 = Release|Any CPU
		{C6B59D7A-367B-4332-9963-3F95D6F0DAEF}.Release|x86.ActiveCfg = Release|Any CPU
		{C6B59D7A-367B-4332-9963-3F95D6F0DAEF}.Release|x86.Build.0 = Release|Any CPU
		{EB26BE01-0D4C-4D1F-8214-7695D4CB7929}.Debug|Any CPU.ActiveCfg = Debug|Any CPU
		{EB26BE01-0D4C-4D1F-8214-7695D4CB7929}.Debug|Any CPU.Build.0 = Debug|Any CPU
		{EB26BE01-0D4C-4D1F-8214-7695D4CB7929}.Debug|x64.ActiveCfg = Debug|Any CPU
		{EB26BE01-0D4C-4D1F-8214-7695D4CB7929}.Debug|x64.Build.0 = Debug|Any CPU
		{EB26BE01-0D4C-4D1F-8214-7695D4CB7929}.Debug|x86.ActiveCfg = Debug|Any CPU
		{EB26BE01-0D4C-4D1F-8214-7695D4CB7929}.Debug|x86.Build.0 = Debug|Any CPU
		{EB26BE01-0D4C-4D1F-8214-7695D4CB7929}.Release|Any CPU.ActiveCfg = Release|Any CPU
		{EB26BE01-0D4C-4D1F-8214-7695D4CB7929}.Release|Any CPU.Build.0 = Release|Any CPU
		{EB26BE01-0D4C-4D1F-8214-7695D4CB7929}.Release|x64.ActiveCfg = Release|Any CPU
		{EB26BE01-0D4C-4D1F-8214-7695D4CB7929}.Release|x64.Build.0 = Release|Any CPU
		{EB26BE01-0D4C-4D1F-8214-7695D4CB7929}.Release|x86.ActiveCfg = Release|Any CPU
		{EB26BE01-0D4C-4D1F-8214-7695D4CB7929}.Release|x86.Build.0 = Release|Any CPU
		{632E4183-BFB3-4601-A966-017AD8580B50}.Debug|Any CPU.ActiveCfg = Debug|Any CPU
		{632E4183-BFB3-4601-A966-017AD8580B50}.Debug|Any CPU.Build.0 = Debug|Any CPU
		{632E4183-BFB3-4601-A966-017AD8580B50}.Debug|x64.ActiveCfg = Debug|Any CPU
		{632E4183-BFB3-4601-A966-017AD8580B50}.Debug|x64.Build.0 = Debug|Any CPU
		{632E4183-BFB3-4601-A966-017AD8580B50}.Debug|x86.ActiveCfg = Debug|Any CPU
		{632E4183-BFB3-4601-A966-017AD8580B50}.Debug|x86.Build.0 = Debug|Any CPU
		{632E4183-BFB3-4601-A966-017AD8580B50}.Release|Any CPU.ActiveCfg = Release|Any CPU
		{632E4183-BFB3-4601-A966-017AD8580B50}.Release|Any CPU.Build.0 = Release|Any CPU
		{632E4183-BFB3-4601-A966-017AD8580B50}.Release|x64.ActiveCfg = Release|Any CPU
		{632E4183-BFB3-4601-A966-017AD8580B50}.Release|x64.Build.0 = Release|Any CPU
		{632E4183-BFB3-4601-A966-017AD8580B50}.Release|x86.ActiveCfg = Release|Any CPU
		{632E4183-BFB3-4601-A966-017AD8580B50}.Release|x86.Build.0 = Release|Any CPU
		{F7FE331F-57F8-4EBC-8F25-0494D323E5B6}.Debug|Any CPU.ActiveCfg = Debug|Any CPU
		{F7FE331F-57F8-4EBC-8F25-0494D323E5B6}.Debug|Any CPU.Build.0 = Debug|Any CPU
		{F7FE331F-57F8-4EBC-8F25-0494D323E5B6}.Debug|x64.ActiveCfg = Debug|Any CPU
		{F7FE331F-57F8-4EBC-8F25-0494D323E5B6}.Debug|x64.Build.0 = Debug|Any CPU
		{F7FE331F-57F8-4EBC-8F25-0494D323E5B6}.Debug|x86.ActiveCfg = Debug|Any CPU
		{F7FE331F-57F8-4EBC-8F25-0494D323E5B6}.Debug|x86.Build.0 = Debug|Any CPU
		{F7FE331F-57F8-4EBC-8F25-0494D323E5B6}.Release|Any CPU.ActiveCfg = Release|Any CPU
		{F7FE331F-57F8-4EBC-8F25-0494D323E5B6}.Release|Any CPU.Build.0 = Release|Any CPU
		{F7FE331F-57F8-4EBC-8F25-0494D323E5B6}.Release|x64.ActiveCfg = Release|Any CPU
		{F7FE331F-57F8-4EBC-8F25-0494D323E5B6}.Release|x64.Build.0 = Release|Any CPU
		{F7FE331F-57F8-4EBC-8F25-0494D323E5B6}.Release|x86.ActiveCfg = Release|Any CPU
		{F7FE331F-57F8-4EBC-8F25-0494D323E5B6}.Release|x86.Build.0 = Release|Any CPU
		{FCB88B1F-4242-4BC5-9EBF-74A30E9A209E}.Debug|Any CPU.ActiveCfg = Debug|Any CPU
		{FCB88B1F-4242-4BC5-9EBF-74A30E9A209E}.Debug|Any CPU.Build.0 = Debug|Any CPU
		{FCB88B1F-4242-4BC5-9EBF-74A30E9A209E}.Debug|x64.ActiveCfg = Debug|Any CPU
		{FCB88B1F-4242-4BC5-9EBF-74A30E9A209E}.Debug|x64.Build.0 = Debug|Any CPU
		{FCB88B1F-4242-4BC5-9EBF-74A30E9A209E}.Debug|x86.ActiveCfg = Debug|Any CPU
		{FCB88B1F-4242-4BC5-9EBF-74A30E9A209E}.Debug|x86.Build.0 = Debug|Any CPU
		{FCB88B1F-4242-4BC5-9EBF-74A30E9A209E}.Release|Any CPU.ActiveCfg = Release|Any CPU
		{FCB88B1F-4242-4BC5-9EBF-74A30E9A209E}.Release|Any CPU.Build.0 = Release|Any CPU
		{FCB88B1F-4242-4BC5-9EBF-74A30E9A209E}.Release|x64.ActiveCfg = Release|Any CPU
		{FCB88B1F-4242-4BC5-9EBF-74A30E9A209E}.Release|x64.Build.0 = Release|Any CPU
		{FCB88B1F-4242-4BC5-9EBF-74A30E9A209E}.Release|x86.ActiveCfg = Release|Any CPU
		{FCB88B1F-4242-4BC5-9EBF-74A30E9A209E}.Release|x86.Build.0 = Release|Any CPU
		{3B99DD79-E7D9-4053-8CE8-D4B50939597C}.Debug|Any CPU.ActiveCfg = Debug|Any CPU
		{3B99DD79-E7D9-4053-8CE8-D4B50939597C}.Debug|Any CPU.Build.0 = Debug|Any CPU
		{3B99DD79-E7D9-4053-8CE8-D4B50939597C}.Debug|x64.ActiveCfg = Debug|Any CPU
		{3B99DD79-E7D9-4053-8CE8-D4B50939597C}.Debug|x64.Build.0 = Debug|Any CPU
		{3B99DD79-E7D9-4053-8CE8-D4B50939597C}.Debug|x86.ActiveCfg = Debug|Any CPU
		{3B99DD79-E7D9-4053-8CE8-D4B50939597C}.Debug|x86.Build.0 = Debug|Any CPU
		{3B99DD79-E7D9-4053-8CE8-D4B50939597C}.Release|Any CPU.ActiveCfg = Release|Any CPU
		{3B99DD79-E7D9-4053-8CE8-D4B50939597C}.Release|Any CPU.Build.0 = Release|Any CPU
		{3B99DD79-E7D9-4053-8CE8-D4B50939597C}.Release|x64.ActiveCfg = Release|Any CPU
		{3B99DD79-E7D9-4053-8CE8-D4B50939597C}.Release|x64.Build.0 = Release|Any CPU
		{3B99DD79-E7D9-4053-8CE8-D4B50939597C}.Release|x86.ActiveCfg = Release|Any CPU
		{3B99DD79-E7D9-4053-8CE8-D4B50939597C}.Release|x86.Build.0 = Release|Any CPU
		{212871B8-88B8-42E6-BBF7-4CF5F7B53035}.Debug|Any CPU.ActiveCfg = Debug|Any CPU
		{212871B8-88B8-42E6-BBF7-4CF5F7B53035}.Debug|Any CPU.Build.0 = Debug|Any CPU
		{212871B8-88B8-42E6-BBF7-4CF5F7B53035}.Debug|x64.ActiveCfg = Debug|Any CPU
		{212871B8-88B8-42E6-BBF7-4CF5F7B53035}.Debug|x64.Build.0 = Debug|Any CPU
		{212871B8-88B8-42E6-BBF7-4CF5F7B53035}.Debug|x86.ActiveCfg = Debug|Any CPU
		{212871B8-88B8-42E6-BBF7-4CF5F7B53035}.Debug|x86.Build.0 = Debug|Any CPU
		{212871B8-88B8-42E6-BBF7-4CF5F7B53035}.Release|Any CPU.ActiveCfg = Release|Any CPU
		{212871B8-88B8-42E6-BBF7-4CF5F7B53035}.Release|Any CPU.Build.0 = Release|Any CPU
		{212871B8-88B8-42E6-BBF7-4CF5F7B53035}.Release|x64.ActiveCfg = Release|Any CPU
		{212871B8-88B8-42E6-BBF7-4CF5F7B53035}.Release|x64.Build.0 = Release|Any CPU
		{212871B8-88B8-42E6-BBF7-4CF5F7B53035}.Release|x86.ActiveCfg = Release|Any CPU
		{212871B8-88B8-42E6-BBF7-4CF5F7B53035}.Release|x86.Build.0 = Release|Any CPU
		{AA8B4FDE-3B34-4709-8842-423E12FC02B1}.Debug|Any CPU.ActiveCfg = Debug|Any CPU
		{AA8B4FDE-3B34-4709-8842-423E12FC02B1}.Debug|Any CPU.Build.0 = Debug|Any CPU
		{AA8B4FDE-3B34-4709-8842-423E12FC02B1}.Debug|x64.ActiveCfg = Debug|Any CPU
		{AA8B4FDE-3B34-4709-8842-423E12FC02B1}.Debug|x64.Build.0 = Debug|Any CPU
		{AA8B4FDE-3B34-4709-8842-423E12FC02B1}.Debug|x86.ActiveCfg = Debug|Any CPU
		{AA8B4FDE-3B34-4709-8842-423E12FC02B1}.Debug|x86.Build.0 = Debug|Any CPU
		{AA8B4FDE-3B34-4709-8842-423E12FC02B1}.Release|Any CPU.ActiveCfg = Release|Any CPU
		{AA8B4FDE-3B34-4709-8842-423E12FC02B1}.Release|Any CPU.Build.0 = Release|Any CPU
		{AA8B4FDE-3B34-4709-8842-423E12FC02B1}.Release|x64.ActiveCfg = Release|Any CPU
		{AA8B4FDE-3B34-4709-8842-423E12FC02B1}.Release|x64.Build.0 = Release|Any CPU
		{AA8B4FDE-3B34-4709-8842-423E12FC02B1}.Release|x86.ActiveCfg = Release|Any CPU
		{AA8B4FDE-3B34-4709-8842-423E12FC02B1}.Release|x86.Build.0 = Release|Any CPU
		{15BC4FBC-1AB2-4EAE-85F8-4424C289CEE0}.Debug|Any CPU.ActiveCfg = Debug|Any CPU
		{15BC4FBC-1AB2-4EAE-85F8-4424C289CEE0}.Debug|Any CPU.Build.0 = Debug|Any CPU
		{15BC4FBC-1AB2-4EAE-85F8-4424C289CEE0}.Debug|x64.ActiveCfg = Debug|Any CPU
		{15BC4FBC-1AB2-4EAE-85F8-4424C289CEE0}.Debug|x64.Build.0 = Debug|Any CPU
		{15BC4FBC-1AB2-4EAE-85F8-4424C289CEE0}.Debug|x86.ActiveCfg = Debug|Any CPU
		{15BC4FBC-1AB2-4EAE-85F8-4424C289CEE0}.Debug|x86.Build.0 = Debug|Any CPU
		{15BC4FBC-1AB2-4EAE-85F8-4424C289CEE0}.Release|Any CPU.ActiveCfg = Release|Any CPU
		{15BC4FBC-1AB2-4EAE-85F8-4424C289CEE0}.Release|Any CPU.Build.0 = Release|Any CPU
		{15BC4FBC-1AB2-4EAE-85F8-4424C289CEE0}.Release|x64.ActiveCfg = Release|Any CPU
		{15BC4FBC-1AB2-4EAE-85F8-4424C289CEE0}.Release|x64.Build.0 = Release|Any CPU
		{15BC4FBC-1AB2-4EAE-85F8-4424C289CEE0}.Release|x86.ActiveCfg = Release|Any CPU
		{15BC4FBC-1AB2-4EAE-85F8-4424C289CEE0}.Release|x86.Build.0 = Release|Any CPU
		{DC36ED23-F815-46B3-BF4A-D7A2C4DDA311}.Debug|Any CPU.ActiveCfg = Debug|Any CPU
		{DC36ED23-F815-46B3-BF4A-D7A2C4DDA311}.Debug|Any CPU.Build.0 = Debug|Any CPU
		{DC36ED23-F815-46B3-BF4A-D7A2C4DDA311}.Debug|x64.ActiveCfg = Debug|Any CPU
		{DC36ED23-F815-46B3-BF4A-D7A2C4DDA311}.Debug|x64.Build.0 = Debug|Any CPU
		{DC36ED23-F815-46B3-BF4A-D7A2C4DDA311}.Debug|x86.ActiveCfg = Debug|Any CPU
		{DC36ED23-F815-46B3-BF4A-D7A2C4DDA311}.Debug|x86.Build.0 = Debug|Any CPU
		{DC36ED23-F815-46B3-BF4A-D7A2C4DDA311}.Release|Any CPU.ActiveCfg = Release|Any CPU
		{DC36ED23-F815-46B3-BF4A-D7A2C4DDA311}.Release|Any CPU.Build.0 = Release|Any CPU
		{DC36ED23-F815-46B3-BF4A-D7A2C4DDA311}.Release|x64.ActiveCfg = Release|Any CPU
		{DC36ED23-F815-46B3-BF4A-D7A2C4DDA311}.Release|x64.Build.0 = Release|Any CPU
		{DC36ED23-F815-46B3-BF4A-D7A2C4DDA311}.Release|x86.ActiveCfg = Release|Any CPU
		{DC36ED23-F815-46B3-BF4A-D7A2C4DDA311}.Release|x86.Build.0 = Release|Any CPU
		{3BEA5902-A808-4653-9303-D625BBA6F791}.Debug|Any CPU.ActiveCfg = Debug|Any CPU
		{3BEA5902-A808-4653-9303-D625BBA6F791}.Debug|Any CPU.Build.0 = Debug|Any CPU
		{3BEA5902-A808-4653-9303-D625BBA6F791}.Debug|x64.ActiveCfg = Debug|Any CPU
		{3BEA5902-A808-4653-9303-D625BBA6F791}.Debug|x64.Build.0 = Debug|Any CPU
		{3BEA5902-A808-4653-9303-D625BBA6F791}.Debug|x86.ActiveCfg = Debug|Any CPU
		{3BEA5902-A808-4653-9303-D625BBA6F791}.Debug|x86.Build.0 = Debug|Any CPU
		{3BEA5902-A808-4653-9303-D625BBA6F791}.Release|Any CPU.ActiveCfg = Release|Any CPU
		{3BEA5902-A808-4653-9303-D625BBA6F791}.Release|Any CPU.Build.0 = Release|Any CPU
		{3BEA5902-A808-4653-9303-D625BBA6F791}.Release|x64.ActiveCfg = Release|Any CPU
		{3BEA5902-A808-4653-9303-D625BBA6F791}.Release|x64.Build.0 = Release|Any CPU
		{3BEA5902-A808-4653-9303-D625BBA6F791}.Release|x86.ActiveCfg = Release|Any CPU
		{3BEA5902-A808-4653-9303-D625BBA6F791}.Release|x86.Build.0 = Release|Any CPU
		{8A26D32F-27C8-432D-B23B-C4B3D3D6FBBA}.Debug|Any CPU.ActiveCfg = Debug|Any CPU
		{8A26D32F-27C8-432D-B23B-C4B3D3D6FBBA}.Debug|Any CPU.Build.0 = Debug|Any CPU
		{8A26D32F-27C8-432D-B23B-C4B3D3D6FBBA}.Debug|x64.ActiveCfg = Debug|Any CPU
		{8A26D32F-27C8-432D-B23B-C4B3D3D6FBBA}.Debug|x64.Build.0 = Debug|Any CPU
		{8A26D32F-27C8-432D-B23B-C4B3D3D6FBBA}.Debug|x86.ActiveCfg = Debug|Any CPU
		{8A26D32F-27C8-432D-B23B-C4B3D3D6FBBA}.Debug|x86.Build.0 = Debug|Any CPU
		{8A26D32F-27C8-432D-B23B-C4B3D3D6FBBA}.Release|Any CPU.ActiveCfg = Release|Any CPU
		{8A26D32F-27C8-432D-B23B-C4B3D3D6FBBA}.Release|Any CPU.Build.0 = Release|Any CPU
		{8A26D32F-27C8-432D-B23B-C4B3D3D6FBBA}.Release|x64.ActiveCfg = Release|Any CPU
		{8A26D32F-27C8-432D-B23B-C4B3D3D6FBBA}.Release|x64.Build.0 = Release|Any CPU
		{8A26D32F-27C8-432D-B23B-C4B3D3D6FBBA}.Release|x86.ActiveCfg = Release|Any CPU
		{8A26D32F-27C8-432D-B23B-C4B3D3D6FBBA}.Release|x86.Build.0 = Release|Any CPU
		{7C33024E-A07B-4BD7-86B9-ED4CB7A86EE3}.Debug|Any CPU.ActiveCfg = Debug|Any CPU
		{7C33024E-A07B-4BD7-86B9-ED4CB7A86EE3}.Debug|Any CPU.Build.0 = Debug|Any CPU
		{7C33024E-A07B-4BD7-86B9-ED4CB7A86EE3}.Debug|x64.ActiveCfg = Debug|Any CPU
		{7C33024E-A07B-4BD7-86B9-ED4CB7A86EE3}.Debug|x64.Build.0 = Debug|Any CPU
		{7C33024E-A07B-4BD7-86B9-ED4CB7A86EE3}.Debug|x86.ActiveCfg = Debug|Any CPU
		{7C33024E-A07B-4BD7-86B9-ED4CB7A86EE3}.Debug|x86.Build.0 = Debug|Any CPU
		{7C33024E-A07B-4BD7-86B9-ED4CB7A86EE3}.Release|Any CPU.ActiveCfg = Release|Any CPU
		{7C33024E-A07B-4BD7-86B9-ED4CB7A86EE3}.Release|Any CPU.Build.0 = Release|Any CPU
		{7C33024E-A07B-4BD7-86B9-ED4CB7A86EE3}.Release|x64.ActiveCfg = Release|Any CPU
		{7C33024E-A07B-4BD7-86B9-ED4CB7A86EE3}.Release|x64.Build.0 = Release|Any CPU
		{7C33024E-A07B-4BD7-86B9-ED4CB7A86EE3}.Release|x86.ActiveCfg = Release|Any CPU
		{7C33024E-A07B-4BD7-86B9-ED4CB7A86EE3}.Release|x86.Build.0 = Release|Any CPU
	EndGlobalSection
	GlobalSection(SolutionProperties) = preSolution
		HideSolutionNode = FALSE
	EndGlobalSection
EndGlobal
